
Microsoft Visual Studio Solution File, Format Version 12.00
# Visual Studio Version 16
VisualStudioVersion = 16.0.32407.337
MinimumVisualStudioVersion = 10.0.40219.1
Project("{FAE04EC0-301F-11D3-BF4B-00C04F79EFBC}") = "Anket", "Anket\Anket.csproj", "{EF0FCF1A-2404-4CF5-A807-FCA3CDE13A43}"
EndProject
Global
	GlobalSection(SolutionConfigurationPlatforms) = preSolution
		Debug|Any CPU = Debug|Any CPU
		Release|Any CPU = Release|Any CPU
	EndGlobalSection
	GlobalSection(ProjectConfigurationPlatforms) = postSolution
		{EF0FCF1A-2404-4CF5-A807-FCA3CDE13A43}.Debug|Any CPU.ActiveCfg = Debug|Any CPU
		{EF0FCF1A-2404-4CF5-A807-FCA3CDE13A43}.Debug|Any CPU.Build.0 = Debug|Any CPU
		{EF0FCF1A-2404-4CF5-A807-FCA3CDE13A43}.Release|Any CPU.ActiveCfg = Release|Any CPU
		{EF0FCF1A-2404-4CF5-A807-FCA3CDE13A43}.Release|Any CPU.Build.0 = Release|Any CPU
	EndGlobalSection
	GlobalSection(SolutionProperties) = preSolution
		HideSolutionNode = FALSE
	EndGlobalSection
	GlobalSection(ExtensibilityGlobals) = postSolution
		SolutionGuid = {F1806A18-F0DF-409F-A792-2DBF5DE47DA0}
	EndGlobalSection
EndGlobal
